
Microsoft Visual Studio Solution File, Format Version 12.00
# Visual Studio Version 16
VisualStudioVersion = 16.0.31205.134
MinimumVisualStudioVersion = 10.0.40219.1
Project("{9A19103F-16F7-4668-BE54-9A1E7A4F7556}") = "HelloWorld", "HelloWorld\HelloWorld.csproj", "{52481D04-1904-4EC7-A5E2-51364F0430C3}"
EndProject
Project("{9A19103F-16F7-4668-BE54-9A1E7A4F7556}") = "FirstWebApp_Razor", "FirstWebApp_Razor\FirstWebApp_Razor.csproj", "{35C60785-8A5F-4A64-A814-5B78AA77B4E1}"
EndProject
Project("{9A19103F-16F7-4668-BE54-9A1E7A4F7556}") = "RazorTutorialUI", "RazorTutorial\RazorTutorialUI.csproj", "{168D3B08-11E8-4675-8ECB-AEFD2EA8C723}"
EndProject
Global
	GlobalSection(SolutionConfigurationPlatforms) = preSolution
		Debug|Any CPU = Debug|Any CPU
		Release|Any CPU = Release|Any CPU
	EndGlobalSection
	GlobalSection(ProjectConfigurationPlatforms) = postSolution
		{52481D04-1904-4EC7-A5E2-51364F0430C3}.Debug|Any CPU.ActiveCfg = Debug|Any CPU
		{52481D04-1904-4EC7-A5E2-51364F0430C3}.Debug|Any CPU.Build.0 = Debug|Any CPU
		{52481D04-1904-4EC7-A5E2-51364F0430C3}.Release|Any CPU.ActiveCfg = Release|Any CPU
		{52481D04-1904-4EC7-A5E2-51364F0430C3}.Release|Any CPU.Build.0 = Release|Any CPU
		{35C60785-8A5F-4A64-A814-5B78AA77B4E1}.Debug|Any CPU.ActiveCfg = Debug|Any CPU
		{35C60785-8A5F-4A64-A814-5B78AA77B4E1}.Debug|Any CPU.Build.0 = Debug|Any CPU
		{35C60785-8A5F-4A64-A814-5B78AA77B4E1}.Release|Any CPU.ActiveCfg = Release|Any CPU
		{35C60785-8A5F-4A64-A814-5B78AA77B4E1}.Release|Any CPU.Build.0 = Release|Any CPU
		{168D3B08-11E8-4675-8ECB-AEFD2EA8C723}.Debug|Any CPU.ActiveCfg = Debug|Any CPU
		{168D3B08-11E8-4675-8ECB-AEFD2EA8C723}.Debug|Any CPU.Build.0 = Debug|Any CPU
		{168D3B08-11E8-4675-8ECB-AEFD2EA8C723}.Release|Any CPU.ActiveCfg = Release|Any CPU
		{168D3B08-11E8-4675-8ECB-AEFD2EA8C723}.Release|Any CPU.Build.0 = Release|Any CPU
	EndGlobalSection
	GlobalSection(SolutionProperties) = preSolution
		HideSolutionNode = FALSE
	EndGlobalSection
	GlobalSection(ExtensibilityGlobals) = postSolution
		SolutionGuid = {B2AA92E6-AF99-43CD-9C28-3BD79B81CC12}
	EndGlobalSection
EndGlobal
